// !$*UTF8*$!
{
	archiveVersion = 1;
	classes = {
	};
	objectVersion = 46;
	objects = {

/* Begin PBXBuildFile section */
		889323E1144DE18D00AC73D4 /* UIKit.framework in Frameworks */ = {isa = PBXBuildFile; fileRef = 889323E0144DE18D00AC73D4 /* UIKit.framework */; };
		889323E3144DE18D00AC73D4 /* Foundation.framework in Frameworks */ = {isa = PBXBuildFile; fileRef = 889323E2144DE18D00AC73D4 /* Foundation.framework */; };
		889323E5144DE18D00AC73D4 /* CoreGraphics.framework in Frameworks */ = {isa = PBXBuildFile; fileRef = 889323E4144DE18D00AC73D4 /* CoreGraphics.framework */; };
		889323EB144DE18D00AC73D4 /* InfoPlist.strings in Resources */ = {isa = PBXBuildFile; fileRef = 889323E9144DE18D00AC73D4 /* InfoPlist.strings */; };
		889323ED144DE18D00AC73D4 /* main.m in Sources */ = {isa = PBXBuildFile; fileRef = 889323EC144DE18D00AC73D4 /* main.m */; };
		889323F1144DE18D00AC73D4 /* AppDelegate.m in Sources */ = {isa = PBXBuildFile; fileRef = 889323F0144DE18D00AC73D4 /* AppDelegate.m */; };
		889323F4144DE18D00AC73D4 /* MainStoryboard_iPhone.storyboard in Resources */ = {isa = PBXBuildFile; fileRef = 889323F2144DE18D00AC73D4 /* MainStoryboard_iPhone.storyboard */; };
		889323F7144DE18D00AC73D4 /* MainStoryboard_iPad.storyboard in Resources */ = {isa = PBXBuildFile; fileRef = 889323F5144DE18D00AC73D4 /* MainStoryboard_iPad.storyboard */; };
		889323FA144DE18D00AC73D4 /* FirstViewController.m in Sources */ = {isa = PBXBuildFile; fileRef = 889323F9144DE18D00AC73D4 /* FirstViewController.m */; };
		889323FC144DE18D00AC73D4 /* first.png in Resources */ = {isa = PBXBuildFile; fileRef = 889323FB144DE18D00AC73D4 /* first.png */; };
		889323FE144DE18D00AC73D4 /* first@2x.png in Resources */ = {isa = PBXBuildFile; fileRef = 889323FD144DE18D00AC73D4 /* first@2x.png */; };
		88932401144DE18D00AC73D4 /* SecondViewController.m in Sources */ = {isa = PBXBuildFile; fileRef = 88932400144DE18D00AC73D4 /* SecondViewController.m */; };
		88932403144DE18D00AC73D4 /* second.png in Resources */ = {isa = PBXBuildFile; fileRef = 88932402144DE18D00AC73D4 /* second.png */; };
		88932405144DE18D00AC73D4 /* second@2x.png in Resources */ = {isa = PBXBuildFile; fileRef = 88932404144DE18D00AC73D4 /* second@2x.png */; };
/* End PBXBuildFile section */

/* Begin PBXFileReference section */
		889323DC144DE18D00AC73D4 /* WaterHackathon.app */ = {isa = PBXFileReference; explicitFileType = wrapper.application; includeInIndex = 0; path = WaterHackathon.app; sourceTree = BUILT_PRODUCTS_DIR; };
		889323E0144DE18D00AC73D4 /* UIKit.framework */ = {isa = PBXFileReference; lastKnownFileType = wrapper.framework; name = UIKit.framework; path = System/Library/Frameworks/UIKit.framework; sourceTree = SDKROOT; };
		889323E2144DE18D00AC73D4 /* Foundation.framework */ = {isa = PBXFileReference; lastKnownFileType = wrapper.framework; name = Foundation.framework; path = System/Library/Frameworks/Foundation.framework; sourceTree = SDKROOT; };
		889323E4144DE18D00AC73D4 /* CoreGraphics.framework */ = {isa = PBXFileReference; lastKnownFileType = wrapper.framework; name = CoreGraphics.framework; path = System/Library/Frameworks/CoreGraphics.framework; sourceTree = SDKROOT; };
		889323E8144DE18D00AC73D4 /* WaterHackathon-Info.plist */ = {isa = PBXFileReference; path = "WaterHackathon-Info.plist"; sourceTree = "<group>"; };
		889323EA144DE18D00AC73D4 /* en */ = {isa = PBXFileReference; lastKnownFileType = text.plist.strings; name = en; path = en.lproj/InfoPlist.strings; sourceTree = "<group>"; };
		889323EC144DE18D00AC73D4 /* main.m */ = {isa = PBXFileReference; lastKnownFileType = sourcecode.c.objc; path = main.m; sourceTree = "<group>"; };
		889323EE144DE18D00AC73D4 /* WaterHackathon-Prefix.pch */ = {isa = PBXFileReference; path = "WaterHackathon-Prefix.pch"; sourceTree = "<group>"; };
		889323EF144DE18D00AC73D4 /* AppDelegate.h */ = {isa = PBXFileReference; path = AppDelegate.h; sourceTree = "<group>"; };
		889323F0144DE18D00AC73D4 /* AppDelegate.m */ = {isa = PBXFileReference; lastKnownFileType = sourcecode.c.objc; path = AppDelegate.m; sourceTree = "<group>"; };
		889323F3144DE18D00AC73D4 /* en */ = {isa = PBXFileReference; lastKnownFileType = file.storyboard; name = en; path = en.lproj/MainStoryboard_iPhone.storyboard; sourceTree = "<group>"; };
		889323F6144DE18D00AC73D4 /* en */ = {isa = PBXFileReference; lastKnownFileType = file.storyboard; name = en; path = en.lproj/MainStoryboard_iPad.storyboard; sourceTree = "<group>"; };
		889323F8144DE18D00AC73D4 /* FirstViewController.h */ = {isa = PBXFileReference; path = FirstViewController.h; sourceTree = "<group>"; };
		889323F9144DE18D00AC73D4 /* FirstViewController.m */ = {isa = PBXFileReference; lastKnownFileType = sourcecode.c.objc; path = FirstViewController.m; sourceTree = "<group>"; };
		889323FB144DE18D00AC73D4 /* first.png */ = {isa = PBXFileReference; lastKnownFileType = image.png; path = first.png; sourceTree = "<group>"; };
		889323FD144DE18D00AC73D4 /* first@2x.png */ = {isa = PBXFileReference; lastKnownFileType = image.png; path = "first@2x.png"; sourceTree = "<group>"; };
		889323FF144DE18D00AC73D4 /* SecondViewController.h */ = {isa = PBXFileReference; path = SecondViewController.h; sourceTree = "<group>"; };
		88932400144DE18D00AC73D4 /* SecondViewController.m */ = {isa = PBXFileReference; lastKnownFileType = sourcecode.c.objc; path = SecondViewController.m; sourceTree = "<group>"; };
		88932402144DE18D00AC73D4 /* second.png */ = {isa = PBXFileReference; lastKnownFileType = image.png; path = second.png; sourceTree = "<group>"; };
		88932404144DE18D00AC73D4 /* second@2x.png */ = {isa = PBXFileReference; lastKnownFileType = image.png; path = "second@2x.png"; sourceTree = "<group>"; };
/* End PBXFileReference section */

/* Begin PBXFrameworksBuildPhase section */
		889323D9144DE18D00AC73D4 /* Frameworks */ = {
			isa = PBXFrameworksBuildPhase;
			buildActionMask = 2147483647;
			files = (
				889323E1144DE18D00AC73D4 /* UIKit.framework in Frameworks */,
				889323E3144DE18D00AC73D4 /* Foundation.framework in Frameworks */,
				889323E5144DE18D00AC73D4 /* CoreGraphics.framework in Frameworks */,
			);
			runOnlyForDeploymentPostprocessing = 0;
		};
/* End PBXFrameworksBuildPhase section */

/* Begin PBXGroup section */
		889323D1144DE18C00AC73D4 = {
			isa = PBXGroup;
			children = (
				889323E6144DE18D00AC73D4 /* WaterHackathon */,
				889323DF144DE18D00AC73D4 /* Frameworks */,
				889323DD144DE18D00AC73D4 /* Products */,
			);
			sourceTree = "<group>";
		};
		889323DD144DE18D00AC73D4 /* Products */ = {
			isa = PBXGroup;
			children = (
				889323DC144DE18D00AC73D4 /* WaterHackathon.app */,
			);
			name = Products;
			sourceTree = "<group>";
		};
		889323DF144DE18D00AC73D4 /* Frameworks */ = {
			isa = PBXGroup;
			children = (
				889323E0144DE18D00AC73D4 /* UIKit.framework */,
				889323E2144DE18D00AC73D4 /* Foundation.framework */,
				889323E4144DE18D00AC73D4 /* CoreGraphics.framework */,
			);
			name = Frameworks;
			sourceTree = "<group>";
		};
		889323E6144DE18D00AC73D4 /* WaterHackathon */ = {
			isa = PBXGroup;
			children = (
				889323EF144DE18D00AC73D4 /* AppDelegate.h */,
				889323F0144DE18D00AC73D4 /* AppDelegate.m */,
				889323F2144DE18D00AC73D4 /* MainStoryboard_iPhone.storyboard */,
				889323F5144DE18D00AC73D4 /* MainStoryboard_iPad.storyboard */,
				889323F8144DE18D00AC73D4 /* FirstViewController.h */,
				889323F9144DE18D00AC73D4 /* FirstViewController.m */,
				889323FB144DE18D00AC73D4 /* first.png */,
				889323FD144DE18D00AC73D4 /* first@2x.png */,
				889323FF144DE18D00AC73D4 /* SecondViewController.h */,
				88932400144DE18D00AC73D4 /* SecondViewController.m */,
				88932402144DE18D00AC73D4 /* second.png */,
				88932404144DE18D00AC73D4 /* second@2x.png */,
				889323E7144DE18D00AC73D4 /* Supporting Files */,
			);
			path = WaterHackathon;
			sourceTree = "<group>";
		};
		889323E7144DE18D00AC73D4 /* Supporting Files */ = {
			isa = PBXGroup;
			children = (
				889323E8144DE18D00AC73D4 /* WaterHackathon-Info.plist */,
				889323E9144DE18D00AC73D4 /* InfoPlist.strings */,
				889323EC144DE18D00AC73D4 /* main.m */,
				889323EE144DE18D00AC73D4 /* WaterHackathon-Prefix.pch */,
			);
			name = "Supporting Files";
			sourceTree = "<group>";
		};
/* End PBXGroup section */

/* Begin PBXNativeTarget section */
		889323DB144DE18D00AC73D4 /* WaterHackathon */ = {
			isa = PBXNativeTarget;
			buildConfigurationList = 88932408144DE18D00AC73D4 /* Build configuration list for PBXNativeTarget "WaterHackathon" */;
			buildPhases = (
				889323D8144DE18D00AC73D4 /* Sources */,
				889323D9144DE18D00AC73D4 /* Frameworks */,
				889323DA144DE18D00AC73D4 /* Resources */,
			);
			buildRules = (
			);
			dependencies = (
			);
			name = WaterHackathon;
			productName = WaterHackathon;
			productReference = 889323DC144DE18D00AC73D4 /* WaterHackathon.app */;
			productType = "com.apple.product-type.application";
		};
/* End PBXNativeTarget section */

/* Begin PBXProject section */
		889323D3144DE18C00AC73D4 /* Project object */ = {
			isa = PBXProject;
			attributes = {
				LastUpgradeCheck = 0420;
			};
			buildConfigurationList = 889323D6144DE18C00AC73D4 /* Build configuration list for PBXProject "WaterHackathon" */;
			compatibilityVersion = "Xcode 3.2";
			developmentRegion = English;
			hasScannedForEncodings = 0;
			knownRegions = (
				en,
			);
			mainGroup = 889323D1144DE18C00AC73D4;
			productRefGroup = 889323DD144DE18D00AC73D4 /* Products */;
			projectDirPath = "";
			projectRoot = "";
			targets = (
				889323DB144DE18D00AC73D4 /* WaterHackathon */,
			);
		};
/* End PBXProject section */

/* Begin PBXResourcesBuildPhase section */
		889323DA144DE18D00AC73D4 /* Resources */ = {
			isa = PBXResourcesBuildPhase;
			buildActionMask = 2147483647;
			files = (
				889323EB144DE18D00AC73D4 /* InfoPlist.strings in Resources */,
				889323F4144DE18D00AC73D4 /* MainStoryboard_iPhone.storyboard in Resources */,
				889323F7144DE18D00AC73D4 /* MainStoryboard_iPad.storyboard in Resources */,
				889323FC144DE18D00AC73D4 /* first.png in Resources */,
				889323FE144DE18D00AC73D4 /* first@2x.png in Resources */,
				88932403144DE18D00AC73D4 /* second.png in Resources */,
				88932405144DE18D00AC73D4 /* second@2x.png in Resources */,
			);
			runOnlyForDeploymentPostprocessing = 0;
		};
/* End PBXResourcesBuildPhase section */

/* Begin PBXSourcesBuildPhase section */
		889323D8144DE18D00AC73D4 /* Sources */ = {
			isa = PBXSourcesBuildPhase;
			buildActionMask = 2147483647;
			files = (
				889323ED144DE18D00AC73D4 /* main.m in Sources */,
				889323F1144DE18D00AC73D4 /* AppDelegate.m in Sources */,
				889323FA144DE18D00AC73D4 /* FirstViewController.m in Sources */,
				88932401144DE18D00AC73D4 /* SecondViewController.m in Sources */,
			);
			runOnlyForDeploymentPostprocessing = 0;
		};
/* End PBXSourcesBuildPhase section */

/* Begin PBXVariantGroup section */
		889323E9144DE18D00AC73D4 /* InfoPlist.strings */ = {
			isa = PBXVariantGroup;
			children = (
				889323EA144DE18D00AC73D4 /* en */,
			);
			name = InfoPlist.strings;
			sourceTree = "<group>";
		};
		889323F2144DE18D00AC73D4 /* MainStoryboard_iPhone.storyboard */ = {
			isa = PBXVariantGroup;
			children = (
				889323F3144DE18D00AC73D4 /* en */,
			);
			name = MainStoryboard_iPhone.storyboard;
			sourceTree = "<group>";
		};
		889323F5144DE18D00AC73D4 /* MainStoryboard_iPad.storyboard */ = {
			isa = PBXVariantGroup;
			children = (
				889323F6144DE18D00AC73D4 /* en */,
			);
			name = MainStoryboard_iPad.storyboard;
			sourceTree = "<group>";
		};
/* End PBXVariantGroup section */

/* Begin XCBuildConfiguration section */
		88932406144DE18D00AC73D4 /* Debug */ = {
			isa = XCBuildConfiguration;
			buildSettings = {
				ALWAYS_SEARCH_USER_PATHS = NO;
				ARCHS = "$(ARCHS_STANDARD_32_BIT)";
				CLANG_ENABLE_OBJC_ARC = YES;
				"CODE_SIGN_IDENTITY[sdk=iphoneos*]" = "iPhone Developer";
				COPY_PHASE_STRIP = NO;
				GCC_C_LANGUAGE_STANDARD = gnu99;
				GCC_DYNAMIC_NO_PIC = NO;
				GCC_OPTIMIZATION_LEVEL = 0;
				GCC_PREPROCESSOR_DEFINITIONS = (
					"DEBUG=1",
					"$(inherited)",
				);
				GCC_SYMBOLS_PRIVATE_EXTERN = NO;
				GCC_VERSION = com.apple.compilers.llvm.clang.1_0;
				GCC_WARN_ABOUT_MISSING_PROTOTYPES = YES;
				GCC_WARN_ABOUT_RETURN_TYPE = YES;
				GCC_WARN_UNUSED_VARIABLE = YES;
				IPHONEOS_DEPLOYMENT_TARGET = 5.0;
				SDKROOT = iphoneos;
				TARGETED_DEVICE_FAMILY = "1,2";
			};
			name = Debug;
		};
		88932407144DE18D00AC73D4 /* Release */ = {
			isa = XCBuildConfiguration;
			buildSettings = {
				ALWAYS_SEARCH_USER_PATHS = NO;
				ARCHS = "$(ARCHS_STANDARD_32_BIT)";
				CLANG_ENABLE_OBJC_ARC = YES;
				"CODE_SIGN_IDENTITY[sdk=iphoneos*]" = "iPhone Developer";
				COPY_PHASE_STRIP = YES;
				GCC_C_LANGUAGE_STANDARD = gnu99;
				GCC_VERSION = com.apple.compilers.llvm.clang.1_0;
				GCC_WARN_ABOUT_MISSING_PROTOTYPES = YES;
				GCC_WARN_ABOUT_RETURN_TYPE = YES;
				GCC_WARN_UNUSED_VARIABLE = YES;
				IPHONEOS_DEPLOYMENT_TARGET = 5.0;
				OTHER_CFLAGS = "-DNS_BLOCK_ASSERTIONS=1";
				SDKROOT = iphoneos;
				TARGETED_DEVICE_FAMILY = "1,2";
				VALIDATE_PRODUCT = YES;
			};
			name = Release;
		};
		88932409144DE18D00AC73D4 /* Debug */ = {
			isa = XCBuildConfiguration;
			buildSettings = {
				GCC_PRECOMPILE_PREFIX_HEADER = YES;
				GCC_PREFIX_HEADER = "WaterHackathon/WaterHackathon-Prefix.pch";
				INFOPLIST_FILE = "WaterHackathon/WaterHackathon-Info.plist";
				PRODUCT_NAME = "$(TARGET_NAME)";
				WRAPPER_EXTENSION = app;
			};
			name = Debug;
		};
		8893240A144DE18D00AC73D4 /* Release */ = {
			isa = XCBuildConfiguration;
			buildSettings = {
				GCC_PRECOMPILE_PREFIX_HEADER = YES;
				GCC_PREFIX_HEADER = "WaterHackathon/WaterHackathon-Prefix.pch";
				INFOPLIST_FILE = "WaterHackathon/WaterHackathon-Info.plist";
				PRODUCT_NAME = "$(TARGET_NAME)";
				WRAPPER_EXTENSION = app;
			};
			name = Release;
		};
/* End XCBuildConfiguration section */

/* Begin XCConfigurationList section */
		889323D6144DE18C00AC73D4 /* Build configuration list for PBXProject "WaterHackathon" */ = {
			isa = XCConfigurationList;
			buildConfigurations = (
				88932406144DE18D00AC73D4 /* Debug */,
				88932407144DE18D00AC73D4 /* Release */,
			);
			defaultConfigurationIsVisible = 0;
			defaultConfigurationName = Release;
		};
		88932408144DE18D00AC73D4 /* Build configuration list for PBXNativeTarget "WaterHackathon" */ = {
			isa = XCConfigurationList;
			buildConfigurations = (
				88932409144DE18D00AC73D4 /* Debug */,
				8893240A144DE18D00AC73D4 /* Release */,
			);
			defaultConfigurationIsVisible = 0;
		};
/* End XCConfigurationList section */
	};
	rootObject = 889323D3144DE18C00AC73D4 /* Project object */;
}
